
Microsoft Visual Studio Solution File, Format Version 12.00
# Visual Studio Version 16
VisualStudioVersion = 16.0.30907.101
MinimumVisualStudioVersion = 10.0.40219.1
Project("{FAE04EC0-301F-11D3-BF4B-00C04F79EFBC}") = "Quickstart.Consola", "Quickstart.Consola\Quickstart.Consola.csproj", "{BB16311A-27C3-4263-8C91-A144B5D669E6}"
EndProject
Project("{FAE04EC0-301F-11D3-BF4B-00C04F79EFBC}") = "Quickstart.BL", "Quickstart.BL\Quickstart.BL.csproj", "{73CF59CD-FBEC-416F-B82F-9DD224235975}"
EndProject
Project("{FAE04EC0-301F-11D3-BF4B-00C04F79EFBC}") = "Quickstart.Web", "Quickstart.Web\Quickstart.Web.csproj", "{15F7C08D-58CE-4963-B29C-AACD03C672B6}"
EndProject
Project("{FAE04EC0-301F-11D3-BF4B-00C04F79EFBC}") = "Quickstart.DAL", "Quickstart.DAL\Quickstart.DAL.csproj", "{BBD6F9F8-CCB8-4266-B317-A97521EDCB26}"
EndProject
Project("{9A19103F-16F7-4668-BE54-9A1E7A4F7556}") = "Quickstart.Core.API", "Quickstart.Core.API\Quickstart.Core.API.csproj", "{25EEE212-099F-405B-9862-D3EFF012790F}"
EndProject
Project("{9A19103F-16F7-4668-BE54-9A1E7A4F7556}") = "Quickstart.Core.BL", "Quickstart.Core.BL\Quickstart.Core.BL.csproj", "{A51AD4E9-D14D-4C68-BDA3-2D15A15DC1AE}"
EndProject
Project("{FAE04EC0-301F-11D3-BF4B-00C04F79EFBC}") = "Quickstart.Core.Web", "Quickstart.Core.Web\Quickstart.Core.Web.csproj", "{FD94CB5A-295B-417C-8775-13CB4A2303E1}"
EndProject
Global
	GlobalSection(SolutionConfigurationPlatforms) = preSolution
		Debug|Any CPU = Debug|Any CPU
		Release|Any CPU = Release|Any CPU
	EndGlobalSection
	GlobalSection(ProjectConfigurationPlatforms) = postSolution
		{BB16311A-27C3-4263-8C91-A144B5D669E6}.Debug|Any CPU.ActiveCfg = Debug|Any CPU
		{BB16311A-27C3-4263-8C91-A144B5D669E6}.Debug|Any CPU.Build.0 = Debug|Any CPU
		{BB16311A-27C3-4263-8C91-A144B5D669E6}.Release|Any CPU.ActiveCfg = Release|Any CPU
		{BB16311A-27C3-4263-8C91-A144B5D669E6}.Release|Any CPU.Build.0 = Release|Any CPU
		{73CF59CD-FBEC-416F-B82F-9DD224235975}.Debug|Any CPU.ActiveCfg = Debug|Any CPU
		{73CF59CD-FBEC-416F-B82F-9DD224235975}.Debug|Any CPU.Build.0 = Debug|Any CPU
		{73CF59CD-FBEC-416F-B82F-9DD224235975}.Release|Any CPU.ActiveCfg = Release|Any CPU
		{73CF59CD-FBEC-416F-B82F-9DD224235975}.Release|Any CPU.Build.0 = Release|Any CPU
		{15F7C08D-58CE-4963-B29C-AACD03C672B6}.Debug|Any CPU.ActiveCfg = Debug|Any CPU
		{15F7C08D-58CE-4963-B29C-AACD03C672B6}.Debug|Any CPU.Build.0 = Debug|Any CPU
		{15F7C08D-58CE-4963-B29C-AACD03C672B6}.Release|Any CPU.ActiveCfg = Release|Any CPU
		{15F7C08D-58CE-4963-B29C-AACD03C672B6}.Release|Any CPU.Build.0 = Release|Any CPU
		{BBD6F9F8-CCB8-4266-B317-A97521EDCB26}.Debug|Any CPU.ActiveCfg = Debug|Any CPU
		{BBD6F9F8-CCB8-4266-B317-A97521EDCB26}.Debug|Any CPU.Build.0 = Debug|Any CPU
		{BBD6F9F8-CCB8-4266-B317-A97521EDCB26}.Release|Any CPU.ActiveCfg = Release|Any CPU
		{BBD6F9F8-CCB8-4266-B317-A97521EDCB26}.Release|Any CPU.Build.0 = Release|Any CPU
		{25EEE212-099F-405B-9862-D3EFF012790F}.Debug|Any CPU.ActiveCfg = Debug|Any CPU
		{25EEE212-099F-405B-9862-D3EFF012790F}.Debug|Any CPU.Build.0 = Debug|Any CPU
		{25EEE212-099F-405B-9862-D3EFF012790F}.Release|Any CPU.ActiveCfg = Release|Any CPU
		{25EEE212-099F-405B-9862-D3EFF012790F}.Release|Any CPU.Build.0 = Release|Any CPU
		{A51AD4E9-D14D-4C68-BDA3-2D15A15DC1AE}.Debug|Any CPU.ActiveCfg = Debug|Any CPU
		{A51AD4E9-D14D-4C68-BDA3-2D15A15DC1AE}.Debug|Any CPU.Build.0 = Debug|Any CPU
		{A51AD4E9-D14D-4C68-BDA3-2D15A15DC1AE}.Release|Any CPU.ActiveCfg = Release|Any CPU
		{A51AD4E9-D14D-4C68-BDA3-2D15A15DC1AE}.Release|Any CPU.Build.0 = Release|Any CPU
		{FD94CB5A-295B-417C-8775-13CB4A2303E1}.Debug|Any CPU.ActiveCfg = Debug|Any CPU
		{FD94CB5A-295B-417C-8775-13CB4A2303E1}.Debug|Any CPU.Build.0 = Debug|Any CPU
		{FD94CB5A-295B-417C-8775-13CB4A2303E1}.Release|Any CPU.ActiveCfg = Release|Any CPU
		{FD94CB5A-295B-417C-8775-13CB4A2303E1}.Release|Any CPU.Build.0 = Release|Any CPU
	EndGlobalSection
	GlobalSection(SolutionProperties) = preSolution
		HideSolutionNode = FALSE
	EndGlobalSection
	GlobalSection(ExtensibilityGlobals) = postSolution
		SolutionGuid = {505CFFF9-7DE7-4B3D-A7AB-A452FF5DEC0F}
	EndGlobalSection
EndGlobal
